# THIS IS AN AUTOGENERATED FILE. DO NOT EDIT THIS FILE DIRECTLY.
# yarn lockfile v1


"@hendt/ebay-api@^5.3.0":
  version "5.3.0"
  resolved "https://registry.yarnpkg.com/@hendt/ebay-api/-/ebay-api-5.3.0.tgz#5e965398b4ab6770fd28b8d0e580944167be4db6"
  integrity sha512-UM913zSAX0PievtRW/zjpr8il8Nnvd5toodiKEn+w1odjODgMi/cZ2p1/t7puOAWDNBOUKTNDu+65UkEj4EDEA==
  dependencies:
    axios "^0.21.4"
    debug "^2.1.1"
    fast-xml-parser "^3.19.0"
    nanoevents "^2.0.0"
    qs "^6.8.0"

"@lavadrop/ensure@1.0.0":
  version "1.0.0"
  resolved "https://registry.yarnpkg.com/@lavadrop/ensure/-/ensure-1.0.0.tgz#3167a7813e4ac7bbdd3d836b3c1f0857f7f23122"
  integrity sha512-F9JfqAF0rAZn9a4GeZb2E5i05vnm1BKmV6Qsw7a3BLsJiNV7Godh8jLBKPwb9xsc76Ew4U4Qx47S6mk/z/tS4g==

"@scaleleap/amazon-marketplaces@13.0.0":
  version "13.0.0"
  resolved "https://registry.yarnpkg.com/@scaleleap/amazon-marketplaces/-/amazon-marketplaces-13.0.0.tgz#684789c113220644162c82c61fac86c49da1c048"
  integrity sha512-7386zXTn56Rs0BRJQ4hUsohmGf281wHNmC7I1s7XqCG2q+qxSRAqZg96VAt02LGvAF2/SheKjCSK6UoWtcKWLg==
  dependencies:
    "@lavadrop/ensure" "1.0.0"

"@scaleleap/amazon-mws-api-sdk@^2.0.8":
  version "2.0.8"
  resolved "https://registry.yarnpkg.com/@scaleleap/amazon-mws-api-sdk/-/amazon-mws-api-sdk-2.0.8.tgz#160aa11ddf5e1696a45d5dc036ad9d1f0635adec"
  integrity sha512-NHGHvf30cdM1KgoyyHrzjOkHzafxPWqHHW9JtNMh5EIOqTV1Gp9Ju8a62BjnNNpfifS+jC3T+zrRRHeG+SpJtw==
  dependencies:
    "@scaleleap/amazon-marketplaces" "13.0.0"
    axios "0.24.0"
    fast-xml-parser "3.21.1"
    html-entities "2.3.2"
    purify-ts "1.1.0"
    ts-error "1.0.6"

"@types/js-money@^0.6.1":
  version "0.6.1"
  resolved "https://registry.yarnpkg.com/@types/js-money/-/js-money-0.6.1.tgz#743434c06742aee38601a3608247fc3e972c6531"
  integrity sha512-aKe0BEeMrJe0KIm/h1XbkKc1zrMfHshAEwN7zA7UDWcAGwsbEnGsL3KagrBRisE6yJdDjjBV8bATvU8/4Y6DHg==

"@types/json-schema@7.0.9":
  version "7.0.9"
  resolved "https://registry.yarnpkg.com/@types/json-schema/-/json-schema-7.0.9.tgz#97edc9037ea0c38585320b28964dde3b39e4660d"
  integrity sha512-qcUXuemtEu+E5wZSJHNxUXeCZhAfXKQ41D+duX+VYPde7xyEVZci+/oXKJL13tnRs9lR2pr4fod59GT6/X1/yQ==

"@types/node@^17.0.13":
  version "17.0.13"
  resolved "https://registry.yarnpkg.com/@types/node/-/node-17.0.13.tgz#5ed7ed7c662948335fcad6c412bb42d99ea754e3"
  integrity sha512-Y86MAxASe25hNzlDbsviXl8jQHb0RDvKt4c40ZJQ1Don0AAL0STLZSs4N+6gLEO55pedy7r2cLwS+ZDxPm/2Bw==

axios@0.24.0:
  version "0.24.0"
  resolved "https://registry.yarnpkg.com/axios/-/axios-0.24.0.tgz#804e6fa1e4b9c5288501dd9dff56a7a0940d20d6"
  integrity sha512-Q6cWsys88HoPgAaFAVUb0WpPk0O8iTeisR9IMqy9G8AbO4NlpVknrnQS03zzF9PGAWgO3cgletO3VjV/P7VztA==
  dependencies:
    follow-redirects "^1.14.4"

axios@^0.21.4:
  version "0.21.4"
  resolved "https://registry.yarnpkg.com/axios/-/axios-0.21.4.tgz#c67b90dc0568e5c1cf2b0b858c43ba28e2eda575"
  integrity sha512-ut5vewkiu8jjGBdqpM44XxjuCjq9LAKeHVmoVfHVzy8eHgxxq8SbAVQNovDA8mVi05kP0Ea/n/UzcSHcTJQfNg==
  dependencies:
    follow-redirects "^1.14.0"

call-bind@^1.0.0:
  version "1.0.2"
  resolved "https://registry.yarnpkg.com/call-bind/-/call-bind-1.0.2.tgz#b1d4e89e688119c3c9a903ad30abb2f6a919be3c"
  integrity sha512-7O+FbCihrB5WGbFYesctwmTKae6rOiIzmz1icreWJ+0aA7LJfuqhEso2T9ncpcFtzMQtzXf2QGGueWJGTYsqrA==
  dependencies:
    function-bind "^1.1.1"
    get-intrinsic "^1.0.2"

debug@^2.1.1:
  version "2.6.9"
  resolved "https://registry.yarnpkg.com/debug/-/debug-2.6.9.tgz#5d128515df134ff327e90a4c93f4e077a536341f"
  integrity sha512-bC7ElrdJaJnPbAP+1EotYvqZsb3ecl5wi6Bfi6BJTUcNowp6cvspg0jXznRTKDjm/E7AdgFBVeAPVMNcKGsHMA==
  dependencies:
    ms "2.0.0"

denque@^2.0.1:
  version "2.0.1"
  resolved "https://registry.yarnpkg.com/denque/-/denque-2.0.1.tgz#bcef4c1b80dc32efe97515744f21a4229ab8934a"
  integrity sha512-tfiWc6BQLXNLpNiR5iGd0Ocu3P3VpxfzFiqubLgMfhfOw9WyvgJBd46CClNn9k3qfbjvT//0cf7AlYRX/OslMQ==

fast-xml-parser@3.21.1, fast-xml-parser@^3.19.0:
  version "3.21.1"
  resolved "https://registry.yarnpkg.com/fast-xml-parser/-/fast-xml-parser-3.21.1.tgz#152a1d51d445380f7046b304672dd55d15c9e736"
  integrity sha512-FTFVjYoBOZTJekiUsawGsSYV9QL0A+zDYCRj7y34IO6Jg+2IMYEtQa+bbictpdpV8dHxXywqU7C0gRDEOFtBFg==
  dependencies:
    strnum "^1.0.4"

follow-redirects@^1.14.0, follow-redirects@^1.14.4:
  version "1.14.7"
  resolved "https://registry.yarnpkg.com/follow-redirects/-/follow-redirects-1.14.7.tgz#2004c02eb9436eee9a21446a6477debf17e81685"
  integrity sha512-+hbxoLbFMbRKDwohX8GkTataGqO6Jb7jGwpAlwgy2bIz25XtRm7KEzJM76R1WiNT5SwZkX4Y75SwBolkpmE7iQ==

function-bind@^1.1.1:
  version "1.1.1"
  resolved "https://registry.yarnpkg.com/function-bind/-/function-bind-1.1.1.tgz#a56899d3ea3c9bab874bb9773b7c5ede92f4895d"
  integrity sha512-yIovAzMX49sF8Yl58fSCWJ5svSLuaibPxXQJFLmBObTuCr0Mf1KiPopGM9NiFjiYBCbfaa2Fh6breQ6ANVTI0A==

generate-function@^2.3.1:
  version "2.3.1"
  resolved "https://registry.yarnpkg.com/generate-function/-/generate-function-2.3.1.tgz#f069617690c10c868e73b8465746764f97c3479f"
  integrity sha512-eeB5GfMNeevm/GRYq20ShmsaGcmI81kIX2K9XQx5miC8KdHaC6Jm0qQ8ZNeGOi7wYB8OsdxKs+Y2oVuTFuVwKQ==
  dependencies:
    is-property "^1.0.2"

get-intrinsic@^1.0.2:
  version "1.1.1"
  resolved "https://registry.yarnpkg.com/get-intrinsic/-/get-intrinsic-1.1.1.tgz#15f59f376f855c446963948f0d24cd3637b4abc6"
  integrity sha512-kWZrnVM42QCiEA2Ig1bG8zjoIMOgxWwYCEeNdwY6Tv/cOSeGpcoX4pXHfKUxNKVoArnrEr2e9srnAxxGIraS9Q==
  dependencies:
    function-bind "^1.1.1"
    has "^1.0.3"
    has-symbols "^1.0.1"

has-symbols@^1.0.1:
  version "1.0.2"
  resolved "https://registry.yarnpkg.com/has-symbols/-/has-symbols-1.0.2.tgz#165d3070c00309752a1236a479331e3ac56f1423"
  integrity sha512-chXa79rL/UC2KlX17jo3vRGz0azaWEx5tGqZg5pO3NUyEJVB17dMruQlzCCOfUvElghKcm5194+BCRvi2Rv/Gw==

has@^1.0.3:
  version "1.0.3"
  resolved "https://registry.yarnpkg.com/has/-/has-1.0.3.tgz#722d7cbfc1f6aa8241f16dd814e011e1f41e8796"
  integrity sha512-f2dvO0VU6Oej7RkWJGrehjbzMAjFp5/VKPp5tTpWIV4JHHZK1/BxbFRtf/siA2SWTe09caDmVtYYzWEIbBS4zw==
  dependencies:
    function-bind "^1.1.1"

html-entities@2.3.2:
  version "2.3.2"
  resolved "https://registry.yarnpkg.com/html-entities/-/html-entities-2.3.2.tgz#760b404685cb1d794e4f4b744332e3b00dcfe488"
  integrity sha512-c3Ab/url5ksaT0WyleslpBEthOzWhrjQbg75y7XUsfSzi3Dgzt0l8w5e7DylRn15MTlMMD58dTfzddNS2kcAjQ==

iconv-lite@^0.6.3:
  version "0.6.3"
  resolved "https://registry.yarnpkg.com/iconv-lite/-/iconv-lite-0.6.3.tgz#a52f80bf38da1952eb5c681790719871a1a72501"
  integrity sha512-4fCk79wshMdzMp2rH06qWrJE4iolqLhCUH+OiuIgU++RB0+94NlDL81atO7GX55uUKueo0txHNtvEyI6D7WdMw==
  dependencies:
    safer-buffer ">= 2.1.2 < 3.0.0"

is-property@^1.0.2:
  version "1.0.2"
  resolved "https://registry.yarnpkg.com/is-property/-/is-property-1.0.2.tgz#57fe1c4e48474edd65b09911f26b1cd4095dda84"
  integrity sha1-V/4cTkhHTt1lsJkR8msc1Ald2oQ=

js-money@^0.6.3:
  version "0.6.3"
  resolved "https://registry.yarnpkg.com/js-money/-/js-money-0.6.3.tgz#20b8fa9b958dac7f57b98d9027252e408e98d4fd"
  integrity sha1-ILj6m5WNrH9XuY2QJyUuQI6Y1P0=
  dependencies:
    lodash "4.x.x"

lodash@4.x.x:
  version "4.17.21"
  resolved "https://registry.yarnpkg.com/lodash/-/lodash-4.17.21.tgz#679591c564c3bffaae8454cf0b3df370c3d6911c"
  integrity sha512-v2kDEe57lecTulaDIuNTPy3Ry4gLGJ6Z1O3vE1krgXZNrsQ+LFTGHVxVjcXPs17LhbZVGedAJv8XZ1tvj5FvSg==

long@^4.0.0:
  version "4.0.0"
  resolved "https://registry.yarnpkg.com/long/-/long-4.0.0.tgz#9a7b71cfb7d361a194ea555241c92f7468d5bf28"
  integrity sha512-XsP+KhQif4bjX1kbuSiySJFNAehNxgLb6hPRGJ9QsUr8ajHkuXGdrHmFUTUUXhDwVX2R5bY4JNZEwbUiMhV+MA==

lru-cache@^4.1.3:
  version "4.1.5"
  resolved "https://registry.yarnpkg.com/lru-cache/-/lru-cache-4.1.5.tgz#8bbe50ea85bed59bc9e33dcab8235ee9bcf443cd"
  integrity sha512-sWZlbEP2OsHNkXrMl5GYk/jKk70MBng6UU4YI/qGDYbgf6YbP4EvmqISbXCoJiRKs+1bSpFHVgQxvJ17F2li5g==
  dependencies:
    pseudomap "^1.0.2"
    yallist "^2.1.2"

lru-cache@^6.0.0:
  version "6.0.0"
  resolved "https://registry.yarnpkg.com/lru-cache/-/lru-cache-6.0.0.tgz#6d6fe6570ebd96aaf90fcad1dafa3b2566db3a94"
  integrity sha512-Jo6dJ04CmSjuznwJSS3pUeWmd/H0ffTlkXXgwZi+eq1UCmqQwCh+eLsYOYCwY991i2Fah4h1BEMCx4qThGbsiA==
  dependencies:
    yallist "^4.0.0"

ms@2.0.0:
  version "2.0.0"
  resolved "https://registry.yarnpkg.com/ms/-/ms-2.0.0.tgz#5608aeadfc00be6c2901df5f9861788de0d597c8"
  integrity sha1-VgiurfwAvmwpAd9fmGF4jeDVl8g=

mysql2@^2.3.3:
  version "2.3.3"
  resolved "https://registry.yarnpkg.com/mysql2/-/mysql2-2.3.3.tgz#944f3deca4b16629052ff8614fbf89d5552545a0"
  integrity sha512-wxJUev6LgMSgACDkb/InIFxDprRa6T95+VEoR+xPvtngtccNH2dGjEB/fVZ8yg1gWv1510c9CvXuJHi5zUm0ZA==
  dependencies:
    denque "^2.0.1"
    generate-function "^2.3.1"
    iconv-lite "^0.6.3"
    long "^4.0.0"
    lru-cache "^6.0.0"
    named-placeholders "^1.1.2"
    seq-queue "^0.0.5"
    sqlstring "^2.3.2"

named-placeholders@^1.1.2:
  version "1.1.2"
  resolved "https://registry.yarnpkg.com/named-placeholders/-/named-placeholders-1.1.2.tgz#ceb1fbff50b6b33492b5cf214ccf5e39cef3d0e8"
  integrity sha512-wiFWqxoLL3PGVReSZpjLVxyJ1bRqe+KKJVbr4hGs1KWfTZTQyezHFBbuKj9hsizHyGV2ne7EMjHdxEGAybD5SA==
  dependencies:
    lru-cache "^4.1.3"

nanoevents@^2.0.0:
  version "2.0.0"
  resolved "https://registry.yarnpkg.com/nanoevents/-/nanoevents-2.0.0.tgz#5a6051ebbcdfd67efe94cca0e4a03d616e1a4949"
  integrity sha512-6wRUNwBA07fyeun/xqG1UzmKd3ucgzcxTyaWcqjsNL0PaXy4YAezyHPnMdsPYEsOl/9wyQ85j39rPYF0FNDozQ==

object-inspect@^1.9.0:
  version "1.12.0"
  resolved "https://registry.yarnpkg.com/object-inspect/-/object-inspect-1.12.0.tgz#6e2c120e868fd1fd18cb4f18c31741d0d6e776f0"
  integrity sha512-Ho2z80bVIvJloH+YzRmpZVQe87+qASmBUKZDWgx9cu+KDrX2ZDH/3tMy+gXbZETVGs2M8YdxObOh7XAtim9Y0g==

pseudomap@^1.0.2:
  version "1.0.2"
  resolved "https://registry.yarnpkg.com/pseudomap/-/pseudomap-1.0.2.tgz#f052a28da70e618917ef0a8ac34c1ae5a68286b3"
  integrity sha1-8FKijacOYYkX7wqKw0wa5aaChrM=

purify-ts@1.1.0:
  version "1.1.0"
  resolved "https://registry.yarnpkg.com/purify-ts/-/purify-ts-1.1.0.tgz#1a8fd7e85ec4c832ee1f6b43e443d38229352804"
  integrity sha512-hfXuxs6hoRURvcBwHVGlLdeNp9R96z+l1sQQj5enqU1ZDqV1GGVPIr6wNw2rNKqhQemaaMERrqjqjzO2hVYZsg==
  dependencies:
    "@types/json-schema" "7.0.9"

qs@^6.8.0:
  version "6.10.3"
  resolved "https://registry.yarnpkg.com/qs/-/qs-6.10.3.tgz#d6cde1b2ffca87b5aa57889816c5f81535e22e8e"
  integrity sha512-wr7M2E0OFRfIfJZjKGieI8lBKb7fRCH4Fv5KNPEs7gJ8jadvotdsS08PzOKR7opXhZ/Xkjtt3WF9g38drmyRqQ==
  dependencies:
    side-channel "^1.0.4"

"safer-buffer@>= 2.1.2 < 3.0.0":
  version "2.1.2"
  resolved "https://registry.yarnpkg.com/safer-buffer/-/safer-buffer-2.1.2.tgz#44fa161b0187b9549dd84bb91802f9bd8385cd6a"
  integrity sha512-YZo3K82SD7Riyi0E1EQPojLz7kpepnSQI9IyPbHHg1XXXevb5dJI7tpyN2ADxGcQbHG7vcyRHk0cbwqcQriUtg==

seq-queue@^0.0.5:
  version "0.0.5"
  resolved "https://registry.yarnpkg.com/seq-queue/-/seq-queue-0.0.5.tgz#d56812e1c017a6e4e7c3e3a37a1da6d78dd3c93e"
  integrity sha1-1WgS4cAXpuTnw+Ojeh2m143TyT4=

side-channel@^1.0.4:
  version "1.0.4"
  resolved "https://registry.yarnpkg.com/side-channel/-/side-channel-1.0.4.tgz#efce5c8fdc104ee751b25c58d4290011fa5ea2cf"
  integrity sha512-q5XPytqFEIKHkGdiMIrY10mvLRvnQh42/+GoBlFW3b2LXLE2xxJpZFdm94we0BaoV3RwJyGqg5wS7epxTv0Zvw==
  dependencies:
    call-bind "^1.0.0"
    get-intrinsic "^1.0.2"
    object-inspect "^1.9.0"

sqlstring@^2.3.2:
  version "2.3.2"
  resolved "https://registry.yarnpkg.com/sqlstring/-/sqlstring-2.3.2.tgz#cdae7169389a1375b18e885f2e60b3e460809514"
  integrity sha512-vF4ZbYdKS8OnoJAWBmMxCQDkiEBkGQYU7UZPtL8flbDRSNkhaXvRJ279ZtI6M+zDaQovVU4tuRgzK5fVhvFAhg==

strnum@^1.0.4:
  version "1.0.5"
  resolved "https://registry.yarnpkg.com/strnum/-/strnum-1.0.5.tgz#5c4e829fe15ad4ff0d20c3db5ac97b73c9b072db"
  integrity sha512-J8bbNyKKXl5qYcR36TIO8W3mVGVHrmmxsd5PAItGkmyzwJvybiw2IVq5nqd0i4LSNSkB/sx9VHllbfFdr9k1JA==

ts-error@1.0.6:
  version "1.0.6"
  resolved "https://registry.yarnpkg.com/ts-error/-/ts-error-1.0.6.tgz#277496f2a28de6c184cfce8dfd5cdd03a4e6b0fc"
  integrity sha512-tLJxacIQUM82IR7JO1UUkKlYuUTmoY9HBJAmNWFzheSlDS5SPMcNIepejHJa4BpPQLAcbRhRf3GDJzyj6rbKvA==

typescript@^4.5.4:
  version "4.5.4"
  resolved "https://registry.yarnpkg.com/typescript/-/typescript-4.5.4.tgz#a17d3a0263bf5c8723b9c52f43c5084edf13c2e8"
  integrity sha512-VgYs2A2QIRuGphtzFV7aQJduJ2gyfTljngLzjpfW9FoYZF6xuw1W0vW9ghCKLfcWrCFxK81CSGRAvS1pn4fIUg==

yallist@^2.1.2:
  version "2.1.2"
  resolved "https://registry.yarnpkg.com/yallist/-/yallist-2.1.2.tgz#1c11f9218f076089a47dd512f93c6699a6a81d52"
  integrity sha1-HBH5IY8HYImkfdUS+TxmmaaoHVI=

yallist@^4.0.0:
  version "4.0.0"
  resolved "https://registry.yarnpkg.com/yallist/-/yallist-4.0.0.tgz#9bb92790d9c0effec63be73519e11a35019a3a72"
  integrity sha512-3wdGidZyq5PB084XLES5TpOSRA3wjXAlIWMhum2kRcv/41Sn2emQ0dycQW4uZXLejwKvg6EsvbdlVL+FYEct7A==
